// !$*UTF8*$!
{
	archiveVersion = 1;
	classes = {
	};
	objectVersion = 52;
	objects = {

/* Begin PBXBuildFile section */
		CE5A63F524482B240034AEF9 /* Bookmark.swift in Sources */ = {isa = PBXBuildFile; fileRef = CE5A63F424482B240034AEF9 /* Bookmark.swift */; };
		CE7F5087244777EB0035212B /* Launch.swift in Sources */ = {isa = PBXBuildFile; fileRef = CE7F5086244777EB0035212B /* Launch.swift */; };
		CE7F50892447795F0035212B /* Label.swift in Sources */ = {isa = PBXBuildFile; fileRef = CE7F50882447795F0035212B /* Label.swift */; };
		CE7F508B244779700035212B /* Button.swift in Sources */ = {isa = PBXBuildFile; fileRef = CE7F508A244779700035212B /* Button.swift */; };
		CE7F508E244779A00035212B /* String.swift in Sources */ = {isa = PBXBuildFile; fileRef = CE7F508D244779A00035212B /* String.swift */; };
		CE7F5091244779F40035212B /* Localizable.strings in Resources */ = {isa = PBXBuildFile; fileRef = CE7F508F244779F40035212B /* Localizable.strings */; };
		CE7F509324477A200035212B /* Font.swift in Sources */ = {isa = PBXBuildFile; fileRef = CE7F509224477A200035212B /* Font.swift */; };
		CE7F509524477ABA0035212B /* Control.swift in Sources */ = {isa = PBXBuildFile; fileRef = CE7F509424477ABA0035212B /* Control.swift */; };
		CE7F509724477B4F0035212B /* Scroll.swift in Sources */ = {isa = PBXBuildFile; fileRef = CE7F509624477B4F0035212B /* Scroll.swift */; };
		CE7F509924477BA50035212B /* Media.xcassets in Resources */ = {isa = PBXBuildFile; fileRef = CE7F509824477BA50035212B /* Media.xcassets */; };
		CE7F509B24477BF00035212B /* Color.swift in Sources */ = {isa = PBXBuildFile; fileRef = CE7F509A24477BF00035212B /* Color.swift */; };
		CEABF6B3244789FF002CF2DC /* Balam in Frameworks */ = {isa = PBXBuildFile; productRef = CEABF6B2244789FF002CF2DC /* Balam */; };
		CED1AC81244B000000D2D46A /* Bar.swift in Sources */ = {isa = PBXBuildFile; fileRef = CED1AC80244B000000D2D46A /* Bar.swift */; };
		CEE063AB244591BA0037D9AA /* App.swift in Sources */ = {isa = PBXBuildFile; fileRef = CEE063AA244591BA0037D9AA /* App.swift */; };
		CEE063AF244591BB0037D9AA /* Assets.xcassets in Resources */ = {isa = PBXBuildFile; fileRef = CEE063AE244591BB0037D9AA /* Assets.xcassets */; };
		CEE063BF2445927B0037D9AA /* AppDelegate.swift in Sources */ = {isa = PBXBuildFile; fileRef = CEE063BE2445927B0037D9AA /* AppDelegate.swift */; };
		CEE063C12445927B0037D9AA /* SceneDelegate.swift in Sources */ = {isa = PBXBuildFile; fileRef = CEE063C02445927B0037D9AA /* SceneDelegate.swift */; };
		CEE063C82445927B0037D9AA /* Assets.xcassets in Resources */ = {isa = PBXBuildFile; fileRef = CEE063C72445927B0037D9AA /* Assets.xcassets */; };
		CEE063CB2445927B0037D9AA /* LaunchScreen.storyboard in Resources */ = {isa = PBXBuildFile; fileRef = CEE063C92445927B0037D9AA /* LaunchScreen.storyboard */; };
		CEE063D6244592A70037D9AA /* awoca.app in Embed Watch Content */ = {isa = PBXBuildFile; fileRef = CEE063D5244592A70037D9AA /* awoca.app */; settings = {ATTRIBUTES = (RemoveHeadersOnCopy, ); }; };
		CEE063DC244592A70037D9AA /* Interface.storyboard in Resources */ = {isa = PBXBuildFile; fileRef = CEE063DA244592A70037D9AA /* Interface.storyboard */; };
		CEE063DE244592A70037D9AA /* Assets.xcassets in Resources */ = {isa = PBXBuildFile; fileRef = CEE063DD244592A70037D9AA /* Assets.xcassets */; };
		CEE063E5244592A80037D9AA /* awoca.appex in Embed App Extensions */ = {isa = PBXBuildFile; fileRef = CEE063E4244592A80037D9AA /* awoca.appex */; settings = {ATTRIBUTES = (RemoveHeadersOnCopy, ); }; };
		CEE063EA244592A80037D9AA /* ContentView.swift in Sources */ = {isa = PBXBuildFile; fileRef = CEE063E9244592A80037D9AA /* ContentView.swift */; };
		CEE063EC244592A80037D9AA /* HostingController.swift in Sources */ = {isa = PBXBuildFile; fileRef = CEE063EB244592A80037D9AA /* HostingController.swift */; };
		CEE063EE244592A80037D9AA /* ExtensionDelegate.swift in Sources */ = {isa = PBXBuildFile; fileRef = CEE063ED244592A80037D9AA /* ExtensionDelegate.swift */; };
		CEE063F0244592A80037D9AA /* Assets.xcassets in Resources */ = {isa = PBXBuildFile; fileRef = CEE063EF244592A80037D9AA /* Assets.xcassets */; };
		CEFBD3DD244B2E7D004ADE16 /* Git in Frameworks */ = {isa = PBXBuildFile; productRef = CEFBD3DC244B2E7D004ADE16 /* Git */; };
		CEFD086F2446DFBA00C691D4 /* Window.swift in Sources */ = {isa = PBXBuildFile; fileRef = CEFD086E2446DFBA00C691D4 /* Window.swift */; };
/* End PBXBuildFile section */

/* Begin PBXContainerItemProxy section */
		CEE063D7244592A70037D9AA /* PBXContainerItemProxy */ = {
			isa = PBXContainerItemProxy;
			containerPortal = CEE0639D244590C20037D9AA /* Project object */;
			proxyType = 1;
			remoteGlobalIDString = CEE063D4244592A70037D9AA;
			remoteInfo = "watch WatchKit App";
		};
		CEE063E6244592A80037D9AA /* PBXContainerItemProxy */ = {
			isa = PBXContainerItemProxy;
			containerPortal = CEE0639D244590C20037D9AA /* Project object */;
			proxyType = 1;
			remoteGlobalIDString = CEE063E3244592A80037D9AA;
			remoteInfo = "watch WatchKit Extension";
		};
/* End PBXContainerItemProxy section */

/* Begin PBXCopyFilesBuildPhase section */
		CEE063F8244592A80037D9AA /* Embed App Extensions */ = {
			isa = PBXCopyFilesBuildPhase;
			buildActionMask = 2147483647;
			dstPath = "";
			dstSubfolderSpec = 13;
			files = (
				CEE063E5244592A80037D9AA /* awoca.appex in Embed App Extensions */,
			);
			name = "Embed App Extensions";
			runOnlyForDeploymentPostprocessing = 0;
		};
		CEE063FC244592A80037D9AA /* Embed Watch Content */ = {
			isa = PBXCopyFilesBuildPhase;
			buildActionMask = 2147483647;
			dstPath = "$(CONTENTS_FOLDER_PATH)/Watch";
			dstSubfolderSpec = 16;
			files = (
				CEE063D6244592A70037D9AA /* awoca.app in Embed Watch Content */,
			);
			name = "Embed Watch Content";
			runOnlyForDeploymentPostprocessing = 0;
		};
/* End PBXCopyFilesBuildPhase section */

/* Begin PBXFileReference section */
		CE5A63F424482B240034AEF9 /* Bookmark.swift */ = {isa = PBXFileReference; lastKnownFileType = sourcecode.swift; path = Bookmark.swift; sourceTree = "<group>"; };
		CE7F5086244777EB0035212B /* Launch.swift */ = {isa = PBXFileReference; lastKnownFileType = sourcecode.swift; path = Launch.swift; sourceTree = "<group>"; };
		CE7F50882447795F0035212B /* Label.swift */ = {isa = PBXFileReference; lastKnownFileType = sourcecode.swift; path = Label.swift; sourceTree = "<group>"; };
		CE7F508A244779700035212B /* Button.swift */ = {isa = PBXFileReference; lastKnownFileType = sourcecode.swift; path = Button.swift; sourceTree = "<group>"; };
		CE7F508D244779A00035212B /* String.swift */ = {isa = PBXFileReference; lastKnownFileType = sourcecode.swift; path = String.swift; sourceTree = "<group>"; };
		CE7F5090244779F40035212B /* Base */ = {isa = PBXFileReference; lastKnownFileType = text.plist.strings; name = Base; path = Base.lproj/Localizable.strings; sourceTree = "<group>"; };
		CE7F509224477A200035212B /* Font.swift */ = {isa = PBXFileReference; lastKnownFileType = sourcecode.swift; path = Font.swift; sourceTree = "<group>"; };
		CE7F509424477ABA0035212B /* Control.swift */ = {isa = PBXFileReference; lastKnownFileType = sourcecode.swift; path = Control.swift; sourceTree = "<group>"; };
		CE7F509624477B4F0035212B /* Scroll.swift */ = {isa = PBXFileReference; lastKnownFileType = sourcecode.swift; path = Scroll.swift; sourceTree = "<group>"; };
		CE7F509824477BA50035212B /* Media.xcassets */ = {isa = PBXFileReference; lastKnownFileType = folder.assetcatalog; path = Media.xcassets; sourceTree = "<group>"; };
		CE7F509A24477BF00035212B /* Color.swift */ = {isa = PBXFileReference; lastKnownFileType = sourcecode.swift; path = Color.swift; sourceTree = "<group>"; };
		CED1AC80244B000000D2D46A /* Bar.swift */ = {isa = PBXFileReference; lastKnownFileType = sourcecode.swift; path = Bar.swift; sourceTree = "<group>"; };
		CEE063A7244591BA0037D9AA /* awoca.app */ = {isa = PBXFileReference; explicitFileType = wrapper.application; includeInIndex = 0; path = awoca.app; sourceTree = BUILT_PRODUCTS_DIR; };
		CEE063AA244591BA0037D9AA /* App.swift */ = {isa = PBXFileReference; lastKnownFileType = sourcecode.swift; path = App.swift; sourceTree = "<group>"; };
		CEE063AE244591BB0037D9AA /* Assets.xcassets */ = {isa = PBXFileReference; lastKnownFileType = folder.assetcatalog; path = Assets.xcassets; sourceTree = "<group>"; };
		CEE063B3244591BB0037D9AA /* Info.plist */ = {isa = PBXFileReference; lastKnownFileType = text.plist.xml; path = Info.plist; sourceTree = "<group>"; };
		CEE063B4244591BB0037D9AA /* mac.entitlements */ = {isa = PBXFileReference; lastKnownFileType = text.plist.entitlements; path = mac.entitlements; sourceTree = "<group>"; };
		CEE063BC2445927B0037D9AA /* awoca.app */ = {isa = PBXFileReference; explicitFileType = wrapper.application; includeInIndex = 0; path = awoca.app; sourceTree = BUILT_PRODUCTS_DIR; };
		CEE063BE2445927B0037D9AA /* AppDelegate.swift */ = {isa = PBXFileReference; lastKnownFileType = sourcecode.swift; path = AppDelegate.swift; sourceTree = "<group>"; };
		CEE063C02445927B0037D9AA /* SceneDelegate.swift */ = {isa = PBXFileReference; lastKnownFileType = sourcecode.swift; path = SceneDelegate.swift; sourceTree = "<group>"; };
		CEE063C72445927B0037D9AA /* Assets.xcassets */ = {isa = PBXFileReference; lastKnownFileType = folder.assetcatalog; path = Assets.xcassets; sourceTree = "<group>"; };
		CEE063CA2445927B0037D9AA /* Base */ = {isa = PBXFileReference; lastKnownFileType = file.storyboard; name = Base; path = Base.lproj/LaunchScreen.storyboard; sourceTree = "<group>"; };
		CEE063CC2445927B0037D9AA /* Info.plist */ = {isa = PBXFileReference; lastKnownFileType = text.plist.xml; path = Info.plist; sourceTree = "<group>"; };
		CEE063D2244592A70037D9AA /* awoca.app */ = {isa = PBXFileReference; explicitFileType = wrapper.application; includeInIndex = 0; path = awoca.app; sourceTree = BUILT_PRODUCTS_DIR; };
		CEE063D5244592A70037D9AA /* awoca.app */ = {isa = PBXFileReference; explicitFileType = wrapper.application; includeInIndex = 0; path = awoca.app; sourceTree = BUILT_PRODUCTS_DIR; };
		CEE063DB244592A70037D9AA /* Base */ = {isa = PBXFileReference; lastKnownFileType = file.storyboard; name = Base; path = Base.lproj/Interface.storyboard; sourceTree = "<group>"; };
		CEE063DD244592A70037D9AA /* Assets.xcassets */ = {isa = PBXFileReference; lastKnownFileType = folder.assetcatalog; path = Assets.xcassets; sourceTree = "<group>"; };
		CEE063DF244592A70037D9AA /* Info.plist */ = {isa = PBXFileReference; lastKnownFileType = text.plist.xml; path = Info.plist; sourceTree = "<group>"; };
		CEE063E4244592A80037D9AA /* awoca.appex */ = {isa = PBXFileReference; explicitFileType = "wrapper.app-extension"; includeInIndex = 0; path = awoca.appex; sourceTree = BUILT_PRODUCTS_DIR; };
		CEE063E9244592A80037D9AA /* ContentView.swift */ = {isa = PBXFileReference; lastKnownFileType = sourcecode.swift; path = ContentView.swift; sourceTree = "<group>"; };
		CEE063EB244592A80037D9AA /* HostingController.swift */ = {isa = PBXFileReference; lastKnownFileType = sourcecode.swift; path = HostingController.swift; sourceTree = "<group>"; };
		CEE063ED244592A80037D9AA /* ExtensionDelegate.swift */ = {isa = PBXFileReference; lastKnownFileType = sourcecode.swift; path = ExtensionDelegate.swift; sourceTree = "<group>"; };
		CEE063EF244592A80037D9AA /* Assets.xcassets */ = {isa = PBXFileReference; lastKnownFileType = folder.assetcatalog; path = Assets.xcassets; sourceTree = "<group>"; };
		CEE063F4244592A80037D9AA /* Info.plist */ = {isa = PBXFileReference; lastKnownFileType = text.plist.xml; path = Info.plist; sourceTree = "<group>"; };
		CEE06400244598910037D9AA /* .gitignore */ = {isa = PBXFileReference; lastKnownFileType = text; path = .gitignore; sourceTree = "<group>"; };
		CEE06401244598910037D9AA /* README.md */ = {isa = PBXFileReference; lastKnownFileType = net.daringfireball.markdown; path = README.md; sourceTree = "<group>"; };
		CEE06402244598910037D9AA /* LICENSE */ = {isa = PBXFileReference; lastKnownFileType = text; path = LICENSE; sourceTree = "<group>"; };
		CEFD086E2446DFBA00C691D4 /* Window.swift */ = {isa = PBXFileReference; lastKnownFileType = sourcecode.swift; path = Window.swift; sourceTree = "<group>"; };
/* End PBXFileReference section */

/* Begin PBXFrameworksBuildPhase section */
		CEE063A4244591BA0037D9AA /* Frameworks */ = {
			isa = PBXFrameworksBuildPhase;
			buildActionMask = 2147483647;
			files = (
				CEABF6B3244789FF002CF2DC /* Balam in Frameworks */,
				CEFBD3DD244B2E7D004ADE16 /* Git in Frameworks */,
			);
			runOnlyForDeploymentPostprocessing = 0;
		};
		CEE063B92445927B0037D9AA /* Frameworks */ = {
			isa = PBXFrameworksBuildPhase;
			buildActionMask = 2147483647;
			files = (
			);
			runOnlyForDeploymentPostprocessing = 0;
		};
		CEE063E1244592A80037D9AA /* Frameworks */ = {
			isa = PBXFrameworksBuildPhase;
			buildActionMask = 2147483647;
			files = (
			);
			runOnlyForDeploymentPostprocessing = 0;
		};
/* End PBXFrameworksBuildPhase section */

/* Begin PBXGroup section */
		CE7F508C244779930035212B /* Shared */ = {
			isa = PBXGroup;
			children = (
				CE7F508D244779A00035212B /* String.swift */,
				CE7F509824477BA50035212B /* Media.xcassets */,
				CE7F508F244779F40035212B /* Localizable.strings */,
			);
			path = Shared;
			sourceTree = "<group>";
		};
		CEE0639C244590C20037D9AA = {
			isa = PBXGroup;
			children = (
				CEE06400244598910037D9AA /* .gitignore */,
				CEE06402244598910037D9AA /* LICENSE */,
				CEE06401244598910037D9AA /* README.md */,
				CEE063BD2445927B0037D9AA /* ios */,
				CEE063A9244591BA0037D9AA /* mac */,
				CEE063A8244591BA0037D9AA /* Products */,
				CE7F508C244779930035212B /* Shared */,
				CEE063D9244592A70037D9AA /* watch */,
				CEE063E8244592A80037D9AA /* watch ext */,
			);
			sourceTree = "<group>";
		};
		CEE063A8244591BA0037D9AA /* Products */ = {
			isa = PBXGroup;
			children = (
				CEE063A7244591BA0037D9AA /* awoca.app */,
				CEE063BC2445927B0037D9AA /* awoca.app */,
				CEE063D2244592A70037D9AA /* awoca.app */,
				CEE063D5244592A70037D9AA /* awoca.app */,
				CEE063E4244592A80037D9AA /* awoca.appex */,
			);
			name = Products;
			sourceTree = "<group>";
		};
		CEE063A9244591BA0037D9AA /* mac */ = {
			isa = PBXGroup;
			children = (
				CEE063B4244591BB0037D9AA /* mac.entitlements */,
				CEE063B3244591BB0037D9AA /* Info.plist */,
				CEE063AA244591BA0037D9AA /* App.swift */,
				CED1AC80244B000000D2D46A /* Bar.swift */,
				CE5A63F424482B240034AEF9 /* Bookmark.swift */,
				CE7F508A244779700035212B /* Button.swift */,
				CE7F509A24477BF00035212B /* Color.swift */,
				CE7F509424477ABA0035212B /* Control.swift */,
				CE7F509224477A200035212B /* Font.swift */,
				CE7F50882447795F0035212B /* Label.swift */,
				CE7F5086244777EB0035212B /* Launch.swift */,
				CE7F509624477B4F0035212B /* Scroll.swift */,
				CEFD086E2446DFBA00C691D4 /* Window.swift */,
				CEE063AE244591BB0037D9AA /* Assets.xcassets */,
			);
			path = mac;
			sourceTree = "<group>";
		};
		CEE063BD2445927B0037D9AA /* ios */ = {
			isa = PBXGroup;
			children = (
				CEE063CC2445927B0037D9AA /* Info.plist */,
				CEE063BE2445927B0037D9AA /* AppDelegate.swift */,
				CEE063C02445927B0037D9AA /* SceneDelegate.swift */,
				CEE063C72445927B0037D9AA /* Assets.xcassets */,
				CEE063C92445927B0037D9AA /* LaunchScreen.storyboard */,
			);
			path = ios;
			sourceTree = "<group>";
		};
		CEE063D9244592A70037D9AA /* watch */ = {
			isa = PBXGroup;
			children = (
				CEE063DF244592A70037D9AA /* Info.plist */,
				CEE063DD244592A70037D9AA /* Assets.xcassets */,
				CEE063DA244592A70037D9AA /* Interface.storyboard */,
			);
			path = watch;
			sourceTree = "<group>";
		};
		CEE063E8244592A80037D9AA /* watch ext */ = {
			isa = PBXGroup;
			children = (
				CEE063F4244592A80037D9AA /* Info.plist */,
				CEE063E9244592A80037D9AA /* ContentView.swift */,
				CEE063ED244592A80037D9AA /* ExtensionDelegate.swift */,
				CEE063EB244592A80037D9AA /* HostingController.swift */,
				CEE063EF244592A80037D9AA /* Assets.xcassets */,
			);
			path = "watch ext";
			sourceTree = "<group>";
		};
/* End PBXGroup section */

/* Begin PBXNativeTarget section */
		CEE063A6244591BA0037D9AA /* mac */ = {
			isa = PBXNativeTarget;
			buildConfigurationList = CEE063B5244591BB0037D9AA /* Build configuration list for PBXNativeTarget "mac" */;
			buildPhases = (
				CEE063A3244591BA0037D9AA /* Sources */,
				CEE063A4244591BA0037D9AA /* Frameworks */,
				CEE063A5244591BA0037D9AA /* Resources */,
			);
			buildRules = (
			);
			dependencies = (
			);
			name = mac;
			packageProductDependencies = (
				CEABF6B2244789FF002CF2DC /* Balam */,
				CEFBD3DC244B2E7D004ADE16 /* Git */,
			);
			productName = mac;
			productReference = CEE063A7244591BA0037D9AA /* awoca.app */;
			productType = "com.apple.product-type.application";
		};
		CEE063BB2445927B0037D9AA /* ios */ = {
			isa = PBXNativeTarget;
			buildConfigurationList = CEE063CD2445927B0037D9AA /* Build configuration list for PBXNativeTarget "ios" */;
			buildPhases = (
				CEE063B82445927B0037D9AA /* Sources */,
				CEE063B92445927B0037D9AA /* Frameworks */,
				CEE063BA2445927B0037D9AA /* Resources */,
			);
			buildRules = (
			);
			dependencies = (
			);
			name = ios;
			productName = ios;
			productReference = CEE063BC2445927B0037D9AA /* awoca.app */;
			productType = "com.apple.product-type.application";
		};
		CEE063D1244592A70037D9AA /* watch */ = {
			isa = PBXNativeTarget;
			buildConfigurationList = CEE063FD244592A80037D9AA /* Build configuration list for PBXNativeTarget "watch" */;
			buildPhases = (
				CEE063D0244592A70037D9AA /* Resources */,
				CEE063FC244592A80037D9AA /* Embed Watch Content */,
			);
			buildRules = (
			);
			dependencies = (
				CEE063D8244592A70037D9AA /* PBXTargetDependency */,
			);
			name = watch;
			productName = watch;
			productReference = CEE063D2244592A70037D9AA /* awoca.app */;
			productType = "com.apple.product-type.application.watchapp2-container";
		};
		CEE063D4244592A70037D9AA /* watch app */ = {
			isa = PBXNativeTarget;
			buildConfigurationList = CEE063F9244592A80037D9AA /* Build configuration list for PBXNativeTarget "watch app" */;
			buildPhases = (
				CEE063D3244592A70037D9AA /* Resources */,
				CEE063F8244592A80037D9AA /* Embed App Extensions */,
			);
			buildRules = (
			);
			dependencies = (
				CEE063E7244592A80037D9AA /* PBXTargetDependency */,
			);
			name = "watch app";
			productName = "watch WatchKit App";
			productReference = CEE063D5244592A70037D9AA /* awoca.app */;
			productType = "com.apple.product-type.application.watchapp2";
		};
		CEE063E3244592A80037D9AA /* watch ext */ = {
			isa = PBXNativeTarget;
			buildConfigurationList = CEE063F5244592A80037D9AA /* Build configuration list for PBXNativeTarget "watch ext" */;
			buildPhases = (
				CEE063E0244592A80037D9AA /* Sources */,
				CEE063E1244592A80037D9AA /* Frameworks */,
				CEE063E2244592A80037D9AA /* Resources */,
			);
			buildRules = (
			);
			dependencies = (
			);
			name = "watch ext";
			productName = "watch WatchKit Extension";
			productReference = CEE063E4244592A80037D9AA /* awoca.appex */;
			productType = "com.apple.product-type.watchkit2-extension";
		};
/* End PBXNativeTarget section */

/* Begin PBXProject section */
		CEE0639D244590C20037D9AA /* Project object */ = {
			isa = PBXProject;
			attributes = {
				LastSwiftUpdateCheck = 1140;
				LastUpgradeCheck = 1140;
				TargetAttributes = {
					CEE063A6244591BA0037D9AA = {
						CreatedOnToolsVersion = 11.4;
					};
					CEE063BB2445927B0037D9AA = {
						CreatedOnToolsVersion = 11.4;
					};
					CEE063D1244592A70037D9AA = {
						CreatedOnToolsVersion = 11.4;
					};
					CEE063D4244592A70037D9AA = {
						CreatedOnToolsVersion = 11.4;
					};
					CEE063E3244592A80037D9AA = {
						CreatedOnToolsVersion = 11.4;
					};
				};
			};
			buildConfigurationList = CEE063A0244590C20037D9AA /* Build configuration list for PBXProject "app" */;
			compatibilityVersion = "Xcode 9.3";
			developmentRegion = en;
			hasScannedForEncodings = 0;
			knownRegions = (
				en,
				Base,
			);
			mainGroup = CEE0639C244590C20037D9AA;
			packageReferences = (
				CEABF6B1244789FF002CF2DC /* XCRemoteSwiftPackageReference "balam" */,
				CEFBD3DB244B2E7D004ADE16 /* XCRemoteSwiftPackageReference "git" */,
			);
			productRefGroup = CEE063A8244591BA0037D9AA /* Products */;
			projectDirPath = "";
			projectRoot = "";
			targets = (
				CEE063A6244591BA0037D9AA /* mac */,
				CEE063BB2445927B0037D9AA /* ios */,
				CEE063D1244592A70037D9AA /* watch */,
				CEE063D4244592A70037D9AA /* watch app */,
				CEE063E3244592A80037D9AA /* watch ext */,
			);
		};
/* End PBXProject section */

/* Begin PBXResourcesBuildPhase section */
		CEE063A5244591BA0037D9AA /* Resources */ = {
			isa = PBXResourcesBuildPhase;
			buildActionMask = 2147483647;
			files = (
				CEE063AF244591BB0037D9AA /* Assets.xcassets in Resources */,
				CE7F509924477BA50035212B /* Media.xcassets in Resources */,
				CE7F5091244779F40035212B /* Localizable.strings in Resources */,
			);
			runOnlyForDeploymentPostprocessing = 0;
		};
		CEE063BA2445927B0037D9AA /* Resources */ = {
			isa = PBXResourcesBuildPhase;
			buildActionMask = 2147483647;
			files = (
				CEE063CB2445927B0037D9AA /* LaunchScreen.storyboard in Resources */,
				CEE063C82445927B0037D9AA /* Assets.xcassets in Resources */,
			);
			runOnlyForDeploymentPostprocessing = 0;
		};
		CEE063D0244592A70037D9AA /* Resources */ = {
			isa = PBXResourcesBuildPhase;
			buildActionMask = 2147483647;
			files = (
			);
			runOnlyForDeploymentPostprocessing = 0;
		};
		CEE063D3244592A70037D9AA /* Resources */ = {
			isa = PBXResourcesBuildPhase;
			buildActionMask = 2147483647;
			files = (
				CEE063DE244592A70037D9AA /* Assets.xcassets in Resources */,
				CEE063DC244592A70037D9AA /* Interface.storyboard in Resources */,
			);
			runOnlyForDeploymentPostprocessing = 0;
		};
		CEE063E2244592A80037D9AA /* Resources */ = {
			isa = PBXResourcesBuildPhase;
			buildActionMask = 2147483647;
			files = (
				CEE063F0244592A80037D9AA /* Assets.xcassets in Resources */,
			);
			runOnlyForDeploymentPostprocessing = 0;
		};
/* End PBXResourcesBuildPhase section */

/* Begin PBXSourcesBuildPhase section */
		CEE063A3244591BA0037D9AA /* Sources */ = {
			isa = PBXSourcesBuildPhase;
			buildActionMask = 2147483647;
			files = (
				CE7F508E244779A00035212B /* String.swift in Sources */,
				CED1AC81244B000000D2D46A /* Bar.swift in Sources */,
				CE5A63F524482B240034AEF9 /* Bookmark.swift in Sources */,
				CE7F509524477ABA0035212B /* Control.swift in Sources */,
				CE7F509724477B4F0035212B /* Scroll.swift in Sources */,
				CE7F509B24477BF00035212B /* Color.swift in Sources */,
				CE7F508B244779700035212B /* Button.swift in Sources */,
				CE7F509324477A200035212B /* Font.swift in Sources */,
				CEE063AB244591BA0037D9AA /* App.swift in Sources */,
				CE7F5087244777EB0035212B /* Launch.swift in Sources */,
				CE7F50892447795F0035212B /* Label.swift in Sources */,
				CEFD086F2446DFBA00C691D4 /* Window.swift in Sources */,
			);
			runOnlyForDeploymentPostprocessing = 0;
		};
		CEE063B82445927B0037D9AA /* Sources */ = {
			isa = PBXSourcesBuildPhase;
			buildActionMask = 2147483647;
			files = (
				CEE063BF2445927B0037D9AA /* AppDelegate.swift in Sources */,
				CEE063C12445927B0037D9AA /* SceneDelegate.swift in Sources */,
			);
			runOnlyForDeploymentPostprocessing = 0;
		};
		CEE063E0244592A80037D9AA /* Sources */ = {
			isa = PBXSourcesBuildPhase;
			buildActionMask = 2147483647;
			files = (
				CEE063EC244592A80037D9AA /* HostingController.swift in Sources */,
				CEE063EA244592A80037D9AA /* ContentView.swift in Sources */,
				CEE063EE244592A80037D9AA /* ExtensionDelegate.swift in Sources */,
			);
			runOnlyForDeploymentPostprocessing = 0;
		};
/* End PBXSourcesBuildPhase section */

/* Begin PBXTargetDependency section */
		CEE063D8244592A70037D9AA /* PBXTargetDependency */ = {
			isa = PBXTargetDependency;
			target = CEE063D4244592A70037D9AA /* watch app */;
			targetProxy = CEE063D7244592A70037D9AA /* PBXContainerItemProxy */;
		};
		CEE063E7244592A80037D9AA /* PBXTargetDependency */ = {
			isa = PBXTargetDependency;
			target = CEE063E3244592A80037D9AA /* watch ext */;
			targetProxy = CEE063E6244592A80037D9AA /* PBXContainerItemProxy */;
		};
/* End PBXTargetDependency section */

/* Begin PBXVariantGroup section */
		CE7F508F244779F40035212B /* Localizable.strings */ = {
			isa = PBXVariantGroup;
			children = (
				CE7F5090244779F40035212B /* Base */,
			);
			name = Localizable.strings;
			sourceTree = "<group>";
		};
		CEE063C92445927B0037D9AA /* LaunchScreen.storyboard */ = {
			isa = PBXVariantGroup;
			children = (
				CEE063CA2445927B0037D9AA /* Base */,
			);
			name = LaunchScreen.storyboard;
			sourceTree = "<group>";
		};
		CEE063DA244592A70037D9AA /* Interface.storyboard */ = {
			isa = PBXVariantGroup;
			children = (
				CEE063DB244592A70037D9AA /* Base */,
			);
			name = Interface.storyboard;
			sourceTree = "<group>";
		};
/* End PBXVariantGroup section */

/* Begin XCBuildConfiguration section */
		CEE063A1244590C20037D9AA /* Debug */ = {
			isa = XCBuildConfiguration;
			buildSettings = {
				CLANG_ENABLE_MODULES = YES;
				DEBUG_INFORMATION_FORMAT = dwarf;
				ENABLE_BITCODE = YES;
				GCC_OPTIMIZATION_LEVEL = 0;
				IPHONEOS_DEPLOYMENT_TARGET = 13.0;
				MACOSX_DEPLOYMENT_TARGET = 10.15;
				ONLY_ACTIVE_ARCH = YES;
				PRODUCT_NAME = awoca;
				SWIFT_INSTALL_OBJC_HEADER = NO;
				SWIFT_OPTIMIZATION_LEVEL = "-Onone";
				SWIFT_VERSION = 5.0;
				WATCHOS_DEPLOYMENT_TARGET = 6.0;
			};
			name = Debug;
		};
		CEE063A2244590C20037D9AA /* Release */ = {
			isa = XCBuildConfiguration;
			buildSettings = {
				CLANG_ENABLE_MODULES = YES;
				DEBUG_INFORMATION_FORMAT = "dwarf-with-dsym";
				ENABLE_BITCODE = YES;
				GCC_OPTIMIZATION_LEVEL = 3;
				IPHONEOS_DEPLOYMENT_TARGET = 13.0;
				MACOSX_DEPLOYMENT_TARGET = 10.15;
				PRODUCT_NAME = awoca;
				SWIFT_COMPILATION_MODE = wholemodule;
				SWIFT_INSTALL_OBJC_HEADER = NO;
				SWIFT_VERSION = 5.0;
				WATCHOS_DEPLOYMENT_TARGET = 6.0;
			};
			name = Release;
		};
		CEE063B6244591BB0037D9AA /* Debug */ = {
			isa = XCBuildConfiguration;
			buildSettings = {
				ALWAYS_SEARCH_USER_PATHS = NO;
				ASSETCATALOG_COMPILER_APPICON_NAME = AppIcon;
				CLANG_ANALYZER_NONNULL = YES;
				CLANG_ANALYZER_NUMBER_OBJECT_CONVERSION = YES_AGGRESSIVE;
				CLANG_CXX_LANGUAGE_STANDARD = "gnu++14";
				CLANG_ENABLE_OBJC_ARC = YES;
				CLANG_ENABLE_OBJC_WEAK = YES;
				CLANG_WARN_BLOCK_CAPTURE_AUTORELEASING = YES;
				CLANG_WARN_BOOL_CONVERSION = YES;
				CLANG_WARN_COMMA = YES;
				CLANG_WARN_CONSTANT_CONVERSION = YES;
				CLANG_WARN_DEPRECATED_OBJC_IMPLEMENTATIONS = YES;
				CLANG_WARN_DIRECT_OBJC_ISA_USAGE = YES_ERROR;
				CLANG_WARN_DOCUMENTATION_COMMENTS = YES;
				CLANG_WARN_EMPTY_BODY = YES;
				CLANG_WARN_ENUM_CONVERSION = YES;
				CLANG_WARN_INFINITE_RECURSION = YES;
				CLANG_WARN_INT_CONVERSION = YES;
				CLANG_WARN_NON_LITERAL_NULL_CONVERSION = YES;
				CLANG_WARN_OBJC_IMPLICIT_RETAIN_SELF = YES;
				CLANG_WARN_OBJC_LITERAL_CONVERSION = YES;
				CLANG_WARN_OBJC_ROOT_CLASS = YES_ERROR;
				CLANG_WARN_RANGE_LOOP_ANALYSIS = YES;
				CLANG_WARN_STRICT_PROTOTYPES = YES;
				CLANG_WARN_SUSPICIOUS_MOVE = YES;
				CLANG_WARN_UNGUARDED_AVAILABILITY = YES_AGGRESSIVE;
				CLANG_WARN_UNREACHABLE_CODE = YES;
				CLANG_WARN__DUPLICATE_METHOD_MATCH = YES;
				CODE_SIGN_ENTITLEMENTS = mac/mac.entitlements;
				CODE_SIGN_STYLE = Automatic;
				COMBINE_HIDPI_IMAGES = YES;
				COPY_PHASE_STRIP = NO;
				DEVELOPMENT_TEAM = 7AMWG3RLHN;
				ENABLE_HARDENED_RUNTIME = YES;
				ENABLE_STRICT_OBJC_MSGSEND = YES;
				ENABLE_TESTABILITY = YES;
				GCC_C_LANGUAGE_STANDARD = gnu11;
				GCC_DYNAMIC_NO_PIC = NO;
				GCC_NO_COMMON_BLOCKS = YES;
				GCC_PREPROCESSOR_DEFINITIONS = (
					"DEBUG=1",
					"$(inherited)",
				);
				GCC_WARN_64_TO_32_BIT_CONVERSION = YES;
				GCC_WARN_ABOUT_RETURN_TYPE = YES_ERROR;
				GCC_WARN_UNDECLARED_SELECTOR = YES;
				GCC_WARN_UNINITIALIZED_AUTOS = YES_AGGRESSIVE;
				GCC_WARN_UNUSED_FUNCTION = YES;
				GCC_WARN_UNUSED_VARIABLE = YES;
				INFOPLIST_FILE = mac/Info.plist;
				LD_RUNPATH_SEARCH_PATHS = (
					"$(inherited)",
					"@executable_path/../Frameworks",
				);
				MARKETING_VERSION = 1;
				MTL_ENABLE_DEBUG_INFO = INCLUDE_SOURCE;
				MTL_FAST_MATH = YES;
				PRODUCT_BUNDLE_IDENTIFIER = awoca.app;
				SDKROOT = macosx;
				SWIFT_ACTIVE_COMPILATION_CONDITIONS = DEBUG;
			};
			name = Debug;
		};
		CEE063B7244591BB0037D9AA /* Release */ = {
			isa = XCBuildConfiguration;
			buildSettings = {
				ALWAYS_SEARCH_USER_PATHS = NO;
				ASSETCATALOG_COMPILER_APPICON_NAME = AppIcon;
				CLANG_ANALYZER_NONNULL = YES;
				CLANG_ANALYZER_NUMBER_OBJECT_CONVERSION = YES_AGGRESSIVE;
				CLANG_CXX_LANGUAGE_STANDARD = "gnu++14";
				CLANG_ENABLE_OBJC_ARC = YES;
				CLANG_ENABLE_OBJC_WEAK = YES;
				CLANG_WARN_BLOCK_CAPTURE_AUTORELEASING = YES;
				CLANG_WARN_BOOL_CONVERSION = YES;
				CLANG_WARN_COMMA = YES;
				CLANG_WARN_CONSTANT_CONVERSION = YES;
				CLANG_WARN_DEPRECATED_OBJC_IMPLEMENTATIONS = YES;
				CLANG_WARN_DIRECT_OBJC_ISA_USAGE = YES_ERROR;
				CLANG_WARN_DOCUMENTATION_COMMENTS = YES;
				CLANG_WARN_EMPTY_BODY = YES;
				CLANG_WARN_ENUM_CONVERSION = YES;
				CLANG_WARN_INFINITE_RECURSION = YES;
				CLANG_WARN_INT_CONVERSION = YES;
				CLANG_WARN_NON_LITERAL_NULL_CONVERSION = YES;
				CLANG_WARN_OBJC_IMPLICIT_RETAIN_SELF = YES;
				CLANG_WARN_OBJC_LITERAL_CONVERSION = YES;
				CLANG_WARN_OBJC_ROOT_CLASS = YES_ERROR;
				CLANG_WARN_RANGE_LOOP_ANALYSIS = YES;
				CLANG_WARN_STRICT_PROTOTYPES = YES;
				CLANG_WARN_SUSPICIOUS_MOVE = YES;
				CLANG_WARN_UNGUARDED_AVAILABILITY = YES_AGGRESSIVE;
				CLANG_WARN_UNREACHABLE_CODE = YES;
				CLANG_WARN__DUPLICATE_METHOD_MATCH = YES;
				CODE_SIGN_ENTITLEMENTS = mac/mac.entitlements;
				CODE_SIGN_STYLE = Automatic;
				COMBINE_HIDPI_IMAGES = YES;
				COPY_PHASE_STRIP = NO;
				DEVELOPMENT_TEAM = 7AMWG3RLHN;
				ENABLE_HARDENED_RUNTIME = YES;
				ENABLE_NS_ASSERTIONS = NO;
				ENABLE_STRICT_OBJC_MSGSEND = YES;
				GCC_C_LANGUAGE_STANDARD = gnu11;
				GCC_NO_COMMON_BLOCKS = YES;
				GCC_WARN_64_TO_32_BIT_CONVERSION = YES;
				GCC_WARN_ABOUT_RETURN_TYPE = YES_ERROR;
				GCC_WARN_UNDECLARED_SELECTOR = YES;
				GCC_WARN_UNINITIALIZED_AUTOS = YES_AGGRESSIVE;
				GCC_WARN_UNUSED_FUNCTION = YES;
				GCC_WARN_UNUSED_VARIABLE = YES;
				INFOPLIST_FILE = mac/Info.plist;
				LD_RUNPATH_SEARCH_PATHS = (
					"$(inherited)",
					"@executable_path/../Frameworks",
				);
				MARKETING_VERSION = 1;
				MTL_ENABLE_DEBUG_INFO = NO;
				MTL_FAST_MATH = YES;
				PRODUCT_BUNDLE_IDENTIFIER = awoca.app;
				SDKROOT = macosx;
			};
			name = Release;
		};
		CEE063CE2445927B0037D9AA /* Debug */ = {
			isa = XCBuildConfiguration;
			buildSettings = {
				ALWAYS_SEARCH_USER_PATHS = NO;
				ASSETCATALOG_COMPILER_APPICON_NAME = AppIcon;
				CLANG_ANALYZER_NONNULL = YES;
				CLANG_ANALYZER_NUMBER_OBJECT_CONVERSION = YES_AGGRESSIVE;
				CLANG_CXX_LANGUAGE_STANDARD = "gnu++14";
				CLANG_ENABLE_OBJC_ARC = YES;
				CLANG_ENABLE_OBJC_WEAK = YES;
				CLANG_WARN_BLOCK_CAPTURE_AUTORELEASING = YES;
				CLANG_WARN_BOOL_CONVERSION = YES;
				CLANG_WARN_COMMA = YES;
				CLANG_WARN_CONSTANT_CONVERSION = YES;
				CLANG_WARN_DEPRECATED_OBJC_IMPLEMENTATIONS = YES;
				CLANG_WARN_DIRECT_OBJC_ISA_USAGE = YES_ERROR;
				CLANG_WARN_DOCUMENTATION_COMMENTS = YES;
				CLANG_WARN_EMPTY_BODY = YES;
				CLANG_WARN_ENUM_CONVERSION = YES;
				CLANG_WARN_INFINITE_RECURSION = YES;
				CLANG_WARN_INT_CONVERSION = YES;
				CLANG_WARN_NON_LITERAL_NULL_CONVERSION = YES;
				CLANG_WARN_OBJC_IMPLICIT_RETAIN_SELF = YES;
				CLANG_WARN_OBJC_LITERAL_CONVERSION = YES;
				CLANG_WARN_OBJC_ROOT_CLASS = YES_ERROR;
				CLANG_WARN_RANGE_LOOP_ANALYSIS = YES;
				CLANG_WARN_STRICT_PROTOTYPES = YES;
				CLANG_WARN_SUSPICIOUS_MOVE = YES;
				CLANG_WARN_UNGUARDED_AVAILABILITY = YES_AGGRESSIVE;
				CLANG_WARN_UNREACHABLE_CODE = YES;
				CLANG_WARN__DUPLICATE_METHOD_MATCH = YES;
				CODE_SIGN_STYLE = Automatic;
				COPY_PHASE_STRIP = NO;
				DEVELOPMENT_TEAM = 7AMWG3RLHN;
				ENABLE_STRICT_OBJC_MSGSEND = YES;
				ENABLE_TESTABILITY = YES;
				GCC_C_LANGUAGE_STANDARD = gnu11;
				GCC_DYNAMIC_NO_PIC = NO;
				GCC_NO_COMMON_BLOCKS = YES;
				GCC_PREPROCESSOR_DEFINITIONS = (
					"DEBUG=1",
					"$(inherited)",
				);
				GCC_WARN_64_TO_32_BIT_CONVERSION = YES;
				GCC_WARN_ABOUT_RETURN_TYPE = YES_ERROR;
				GCC_WARN_UNDECLARED_SELECTOR = YES;
				GCC_WARN_UNINITIALIZED_AUTOS = YES_AGGRESSIVE;
				GCC_WARN_UNUSED_FUNCTION = YES;
				GCC_WARN_UNUSED_VARIABLE = YES;
				INFOPLIST_FILE = ios/Info.plist;
				LD_RUNPATH_SEARCH_PATHS = (
					"$(inherited)",
					"@executable_path/Frameworks",
				);
				MARKETING_VERSION = 1;
				MTL_ENABLE_DEBUG_INFO = INCLUDE_SOURCE;
				MTL_FAST_MATH = YES;
				ONLY_ACTIVE_ARCH = YES;
				PRODUCT_BUNDLE_IDENTIFIER = awoca.app;
				SDKROOT = iphoneos;
				SWIFT_ACTIVE_COMPILATION_CONDITIONS = DEBUG;
				TARGETED_DEVICE_FAMILY = "1,2";
			};
			name = Debug;
		};
		CEE063CF2445927B0037D9AA /* Release */ = {
			isa = XCBuildConfiguration;
			buildSettings = {
				ALWAYS_SEARCH_USER_PATHS = NO;
				ASSETCATALOG_COMPILER_APPICON_NAME = AppIcon;
				CLANG_ANALYZER_NONNULL = YES;
				CLANG_ANALYZER_NUMBER_OBJECT_CONVERSION = YES_AGGRESSIVE;
				CLANG_CXX_LANGUAGE_STANDARD = "gnu++14";
				CLANG_ENABLE_OBJC_ARC = YES;
				CLANG_ENABLE_OBJC_WEAK = YES;
				CLANG_WARN_BLOCK_CAPTURE_AUTORELEASING = YES;
				CLANG_WARN_BOOL_CONVERSION = YES;
				CLANG_WARN_COMMA = YES;
				CLANG_WARN_CONSTANT_CONVERSION = YES;
				CLANG_WARN_DEPRECATED_OBJC_IMPLEMENTATIONS = YES;
				CLANG_WARN_DIRECT_OBJC_ISA_USAGE = YES_ERROR;
				CLANG_WARN_DOCUMENTATION_COMMENTS = YES;
				CLANG_WARN_EMPTY_BODY = YES;
				CLANG_WARN_ENUM_CONVERSION = YES;
				CLANG_WARN_INFINITE_RECURSION = YES;
				CLANG_WARN_INT_CONVERSION = YES;
				CLANG_WARN_NON_LITERAL_NULL_CONVERSION = YES;
				CLANG_WARN_OBJC_IMPLICIT_RETAIN_SELF = YES;
				CLANG_WARN_OBJC_LITERAL_CONVERSION = YES;
				CLANG_WARN_OBJC_ROOT_CLASS = YES_ERROR;
				CLANG_WARN_RANGE_LOOP_ANALYSIS = YES;
				CLANG_WARN_STRICT_PROTOTYPES = YES;
				CLANG_WARN_SUSPICIOUS_MOVE = YES;
				CLANG_WARN_UNGUARDED_AVAILABILITY = YES_AGGRESSIVE;
				CLANG_WARN_UNREACHABLE_CODE = YES;
				CLANG_WARN__DUPLICATE_METHOD_MATCH = YES;
				CODE_SIGN_STYLE = Automatic;
				COPY_PHASE_STRIP = NO;
				DEVELOPMENT_TEAM = 7AMWG3RLHN;
				ENABLE_NS_ASSERTIONS = NO;
				ENABLE_STRICT_OBJC_MSGSEND = YES;
				GCC_C_LANGUAGE_STANDARD = gnu11;
				GCC_NO_COMMON_BLOCKS = YES;
				GCC_WARN_64_TO_32_BIT_CONVERSION = YES;
				GCC_WARN_ABOUT_RETURN_TYPE = YES_ERROR;
				GCC_WARN_UNDECLARED_SELECTOR = YES;
				GCC_WARN_UNINITIALIZED_AUTOS = YES_AGGRESSIVE;
				GCC_WARN_UNUSED_FUNCTION = YES;
				GCC_WARN_UNUSED_VARIABLE = YES;
				INFOPLIST_FILE = ios/Info.plist;
				LD_RUNPATH_SEARCH_PATHS = (
					"$(inherited)",
					"@executable_path/Frameworks",
				);
				MARKETING_VERSION = 1;
				MTL_ENABLE_DEBUG_INFO = NO;
				MTL_FAST_MATH = YES;
				PRODUCT_BUNDLE_IDENTIFIER = awoca.app;
				SDKROOT = iphoneos;
				TARGETED_DEVICE_FAMILY = "1,2";
				VALIDATE_PRODUCT = YES;
			};
			name = Release;
		};
		CEE063F6244592A80037D9AA /* Debug */ = {
			isa = XCBuildConfiguration;
			buildSettings = {
				ALWAYS_SEARCH_USER_PATHS = NO;
				ASSETCATALOG_COMPILER_COMPLICATION_NAME = Complication;
				CLANG_ANALYZER_NONNULL = YES;
				CLANG_ANALYZER_NUMBER_OBJECT_CONVERSION = YES_AGGRESSIVE;
				CLANG_CXX_LANGUAGE_STANDARD = "gnu++14";
				CLANG_ENABLE_OBJC_ARC = YES;
				CLANG_ENABLE_OBJC_WEAK = YES;
				CLANG_WARN_BLOCK_CAPTURE_AUTORELEASING = YES;
				CLANG_WARN_BOOL_CONVERSION = YES;
				CLANG_WARN_COMMA = YES;
				CLANG_WARN_CONSTANT_CONVERSION = YES;
				CLANG_WARN_DEPRECATED_OBJC_IMPLEMENTATIONS = YES;
				CLANG_WARN_DIRECT_OBJC_ISA_USAGE = YES_ERROR;
				CLANG_WARN_DOCUMENTATION_COMMENTS = YES;
				CLANG_WARN_EMPTY_BODY = YES;
				CLANG_WARN_ENUM_CONVERSION = YES;
				CLANG_WARN_INFINITE_RECURSION = YES;
				CLANG_WARN_INT_CONVERSION = YES;
				CLANG_WARN_NON_LITERAL_NULL_CONVERSION = YES;
				CLANG_WARN_OBJC_IMPLICIT_RETAIN_SELF = YES;
				CLANG_WARN_OBJC_LITERAL_CONVERSION = YES;
				CLANG_WARN_OBJC_ROOT_CLASS = YES_ERROR;
				CLANG_WARN_RANGE_LOOP_ANALYSIS = YES;
				CLANG_WARN_STRICT_PROTOTYPES = YES;
				CLANG_WARN_SUSPICIOUS_MOVE = YES;
				CLANG_WARN_UNGUARDED_AVAILABILITY = YES_AGGRESSIVE;
				CLANG_WARN_UNREACHABLE_CODE = YES;
				CLANG_WARN__DUPLICATE_METHOD_MATCH = YES;
				CODE_SIGN_STYLE = Automatic;
				COPY_PHASE_STRIP = NO;
				DEVELOPMENT_ASSET_PATHS = "\"watch WatchKit Extension/Preview Content\"";
				DEVELOPMENT_TEAM = 7AMWG3RLHN;
				ENABLE_PREVIEWS = YES;
				ENABLE_STRICT_OBJC_MSGSEND = YES;
				ENABLE_TESTABILITY = YES;
				GCC_C_LANGUAGE_STANDARD = gnu11;
				GCC_DYNAMIC_NO_PIC = NO;
				GCC_NO_COMMON_BLOCKS = YES;
				GCC_PREPROCESSOR_DEFINITIONS = (
					"DEBUG=1",
					"$(inherited)",
				);
				GCC_WARN_64_TO_32_BIT_CONVERSION = YES;
				GCC_WARN_ABOUT_RETURN_TYPE = YES_ERROR;
				GCC_WARN_UNDECLARED_SELECTOR = YES;
				GCC_WARN_UNINITIALIZED_AUTOS = YES_AGGRESSIVE;
				GCC_WARN_UNUSED_FUNCTION = YES;
				GCC_WARN_UNUSED_VARIABLE = YES;
				INFOPLIST_FILE = "watch ext/Info.plist";
				LD_RUNPATH_SEARCH_PATHS = (
					"$(inherited)",
					"@executable_path/Frameworks",
					"@executable_path/../../Frameworks",
				);
				MTL_ENABLE_DEBUG_INFO = INCLUDE_SOURCE;
				MTL_FAST_MATH = YES;
				ONLY_ACTIVE_ARCH = YES;
				PRODUCT_BUNDLE_IDENTIFIER = awoca.app.watch.extension;
				PRODUCT_MODULE_NAME = "$(PRODUCT_NAME:c99extidentifier).watch.ext";
				SDKROOT = watchos;
				SKIP_INSTALL = YES;
				SWIFT_ACTIVE_COMPILATION_CONDITIONS = DEBUG;
				TARGETED_DEVICE_FAMILY = 4;
			};
			name = Debug;
		};
		CEE063F7244592A80037D9AA /* Release */ = {
			isa = XCBuildConfiguration;
			buildSettings = {
				ALWAYS_SEARCH_USER_PATHS = NO;
				ASSETCATALOG_COMPILER_COMPLICATION_NAME = Complication;
				CLANG_ANALYZER_NONNULL = YES;
				CLANG_ANALYZER_NUMBER_OBJECT_CONVERSION = YES_AGGRESSIVE;
				CLANG_CXX_LANGUAGE_STANDARD = "gnu++14";
				CLANG_ENABLE_OBJC_ARC = YES;
				CLANG_ENABLE_OBJC_WEAK = YES;
				CLANG_WARN_BLOCK_CAPTURE_AUTORELEASING = YES;
				CLANG_WARN_BOOL_CONVERSION = YES;
				CLANG_WARN_COMMA = YES;
				CLANG_WARN_CONSTANT_CONVERSION = YES;
				CLANG_WARN_DEPRECATED_OBJC_IMPLEMENTATIONS = YES;
				CLANG_WARN_DIRECT_OBJC_ISA_USAGE = YES_ERROR;
				CLANG_WARN_DOCUMENTATION_COMMENTS = YES;
				CLANG_WARN_EMPTY_BODY = YES;
				CLANG_WARN_ENUM_CONVERSION = YES;
				CLANG_WARN_INFINITE_RECURSION = YES;
				CLANG_WARN_INT_CONVERSION = YES;
				CLANG_WARN_NON_LITERAL_NULL_CONVERSION = YES;
				CLANG_WARN_OBJC_IMPLICIT_RETAIN_SELF = YES;
				CLANG_WARN_OBJC_LITERAL_CONVERSION = YES;
				CLANG_WARN_OBJC_ROOT_CLASS = YES_ERROR;
				CLANG_WARN_RANGE_LOOP_ANALYSIS = YES;
				CLANG_WARN_STRICT_PROTOTYPES = YES;
				CLANG_WARN_SUSPICIOUS_MOVE = YES;
				CLANG_WARN_UNGUARDED_AVAILABILITY = YES_AGGRESSIVE;
				CLANG_WARN_UNREACHABLE_CODE = YES;
				CLANG_WARN__DUPLICATE_METHOD_MATCH = YES;
				CODE_SIGN_STYLE = Automatic;
				COPY_PHASE_STRIP = NO;
				DEVELOPMENT_ASSET_PATHS = "\"watch WatchKit Extension/Preview Content\"";
				DEVELOPMENT_TEAM = 7AMWG3RLHN;
				ENABLE_NS_ASSERTIONS = NO;
				ENABLE_PREVIEWS = YES;
				ENABLE_STRICT_OBJC_MSGSEND = YES;
				GCC_C_LANGUAGE_STANDARD = gnu11;
				GCC_NO_COMMON_BLOCKS = YES;
				GCC_WARN_64_TO_32_BIT_CONVERSION = YES;
				GCC_WARN_ABOUT_RETURN_TYPE = YES_ERROR;
				GCC_WARN_UNDECLARED_SELECTOR = YES;
				GCC_WARN_UNINITIALIZED_AUTOS = YES_AGGRESSIVE;
				GCC_WARN_UNUSED_FUNCTION = YES;
				GCC_WARN_UNUSED_VARIABLE = YES;
				INFOPLIST_FILE = "watch ext/Info.plist";
				LD_RUNPATH_SEARCH_PATHS = (
					"$(inherited)",
					"@executable_path/Frameworks",
					"@executable_path/../../Frameworks",
				);
				MTL_ENABLE_DEBUG_INFO = NO;
				MTL_FAST_MATH = YES;
				PRODUCT_BUNDLE_IDENTIFIER = awoca.app.watch.extension;
				PRODUCT_MODULE_NAME = "$(PRODUCT_NAME:c99extidentifier).watch.ext";
				SDKROOT = watchos;
				SKIP_INSTALL = YES;
				TARGETED_DEVICE_FAMILY = 4;
				VALIDATE_PRODUCT = YES;
			};
			name = Release;
		};
		CEE063FA244592A80037D9AA /* Debug */ = {
			isa = XCBuildConfiguration;
			buildSettings = {
				ALWAYS_SEARCH_USER_PATHS = NO;
				ASSETCATALOG_COMPILER_APPICON_NAME = AppIcon;
				CLANG_ANALYZER_NONNULL = YES;
				CLANG_ANALYZER_NUMBER_OBJECT_CONVERSION = YES_AGGRESSIVE;
				CLANG_CXX_LANGUAGE_STANDARD = "gnu++14";
				CLANG_ENABLE_OBJC_ARC = YES;
				CLANG_ENABLE_OBJC_WEAK = YES;
				CLANG_WARN_BLOCK_CAPTURE_AUTORELEASING = YES;
				CLANG_WARN_BOOL_CONVERSION = YES;
				CLANG_WARN_COMMA = YES;
				CLANG_WARN_CONSTANT_CONVERSION = YES;
				CLANG_WARN_DEPRECATED_OBJC_IMPLEMENTATIONS = YES;
				CLANG_WARN_DIRECT_OBJC_ISA_USAGE = YES_ERROR;
				CLANG_WARN_DOCUMENTATION_COMMENTS = YES;
				CLANG_WARN_EMPTY_BODY = YES;
				CLANG_WARN_ENUM_CONVERSION = YES;
				CLANG_WARN_INFINITE_RECURSION = YES;
				CLANG_WARN_INT_CONVERSION = YES;
				CLANG_WARN_NON_LITERAL_NULL_CONVERSION = YES;
				CLANG_WARN_OBJC_IMPLICIT_RETAIN_SELF = YES;
				CLANG_WARN_OBJC_LITERAL_CONVERSION = YES;
				CLANG_WARN_OBJC_ROOT_CLASS = YES_ERROR;
				CLANG_WARN_RANGE_LOOP_ANALYSIS = YES;
				CLANG_WARN_STRICT_PROTOTYPES = YES;
				CLANG_WARN_SUSPICIOUS_MOVE = YES;
				CLANG_WARN_UNGUARDED_AVAILABILITY = YES_AGGRESSIVE;
				CLANG_WARN_UNREACHABLE_CODE = YES;
				CLANG_WARN__DUPLICATE_METHOD_MATCH = YES;
				CODE_SIGN_STYLE = Automatic;
				COPY_PHASE_STRIP = NO;
				DEVELOPMENT_TEAM = 7AMWG3RLHN;
				ENABLE_STRICT_OBJC_MSGSEND = YES;
				ENABLE_TESTABILITY = YES;
				GCC_C_LANGUAGE_STANDARD = gnu11;
				GCC_DYNAMIC_NO_PIC = NO;
				GCC_NO_COMMON_BLOCKS = YES;
				GCC_PREPROCESSOR_DEFINITIONS = (
					"DEBUG=1",
					"$(inherited)",
				);
				GCC_WARN_64_TO_32_BIT_CONVERSION = YES;
				GCC_WARN_ABOUT_RETURN_TYPE = YES_ERROR;
				GCC_WARN_UNDECLARED_SELECTOR = YES;
				GCC_WARN_UNINITIALIZED_AUTOS = YES_AGGRESSIVE;
				GCC_WARN_UNUSED_FUNCTION = YES;
				GCC_WARN_UNUSED_VARIABLE = YES;
				IBSC_MODULE = watch_WatchKit_Extension;
				INFOPLIST_FILE = watch/Info.plist;
				MTL_ENABLE_DEBUG_INFO = INCLUDE_SOURCE;
				MTL_FAST_MATH = YES;
				ONLY_ACTIVE_ARCH = YES;
				PRODUCT_BUNDLE_IDENTIFIER = awoca.app.watch;
				PRODUCT_MODULE_NAME = "$(PRODUCT_NAME:c99extidentifier).watch";
				SDKROOT = watchos;
				SKIP_INSTALL = YES;
				SWIFT_ACTIVE_COMPILATION_CONDITIONS = DEBUG;
				TARGETED_DEVICE_FAMILY = 4;
			};
			name = Debug;
		};
		CEE063FB244592A80037D9AA /* Release */ = {
			isa = XCBuildConfiguration;
			buildSettings = {
				ALWAYS_SEARCH_USER_PATHS = NO;
				ASSETCATALOG_COMPILER_APPICON_NAME = AppIcon;
				CLANG_ANALYZER_NONNULL = YES;
				CLANG_ANALYZER_NUMBER_OBJECT_CONVERSION = YES_AGGRESSIVE;
				CLANG_CXX_LANGUAGE_STANDARD = "gnu++14";
				CLANG_ENABLE_OBJC_ARC = YES;
				CLANG_ENABLE_OBJC_WEAK = YES;
				CLANG_WARN_BLOCK_CAPTURE_AUTORELEASING = YES;
				CLANG_WARN_BOOL_CONVERSION = YES;
				CLANG_WARN_COMMA = YES;
				CLANG_WARN_CONSTANT_CONVERSION = YES;
				CLANG_WARN_DEPRECATED_OBJC_IMPLEMENTATIONS = YES;
				CLANG_WARN_DIRECT_OBJC_ISA_USAGE = YES_ERROR;
				CLANG_WARN_DOCUMENTATION_COMMENTS = YES;
				CLANG_WARN_EMPTY_BODY = YES;
				CLANG_WARN_ENUM_CONVERSION = YES;
				CLANG_WARN_INFINITE_RECURSION = YES;
				CLANG_WARN_INT_CONVERSION = YES;
				CLANG_WARN_NON_LITERAL_NULL_CONVERSION = YES;
				CLANG_WARN_OBJC_IMPLICIT_RETAIN_SELF = YES;
				CLANG_WARN_OBJC_LITERAL_CONVERSION = YES;
				CLANG_WARN_OBJC_ROOT_CLASS = YES_ERROR;
				CLANG_WARN_RANGE_LOOP_ANALYSIS = YES;
				CLANG_WARN_STRICT_PROTOTYPES = YES;
				CLANG_WARN_SUSPICIOUS_MOVE = YES;
				CLANG_WARN_UNGUARDED_AVAILABILITY = YES_AGGRESSIVE;
				CLANG_WARN_UNREACHABLE_CODE = YES;
				CLANG_WARN__DUPLICATE_METHOD_MATCH = YES;
				CODE_SIGN_STYLE = Automatic;
				COPY_PHASE_STRIP = NO;
				DEVELOPMENT_TEAM = 7AMWG3RLHN;
				ENABLE_NS_ASSERTIONS = NO;
				ENABLE_STRICT_OBJC_MSGSEND = YES;
				GCC_C_LANGUAGE_STANDARD = gnu11;
				GCC_NO_COMMON_BLOCKS = YES;
				GCC_WARN_64_TO_32_BIT_CONVERSION = YES;
				GCC_WARN_ABOUT_RETURN_TYPE = YES_ERROR;
				GCC_WARN_UNDECLARED_SELECTOR = YES;
				GCC_WARN_UNINITIALIZED_AUTOS = YES_AGGRESSIVE;
				GCC_WARN_UNUSED_FUNCTION = YES;
				GCC_WARN_UNUSED_VARIABLE = YES;
				IBSC_MODULE = watch_WatchKit_Extension;
				INFOPLIST_FILE = watch/Info.plist;
				MTL_ENABLE_DEBUG_INFO = NO;
				MTL_FAST_MATH = YES;
				PRODUCT_BUNDLE_IDENTIFIER = awoca.app.watch;
				PRODUCT_MODULE_NAME = "$(PRODUCT_NAME:c99extidentifier).watch";
				SDKROOT = watchos;
				SKIP_INSTALL = YES;
				TARGETED_DEVICE_FAMILY = 4;
				VALIDATE_PRODUCT = YES;
			};
			name = Release;
		};
		CEE063FE244592A80037D9AA /* Debug */ = {
			isa = XCBuildConfiguration;
			buildSettings = {
				ALWAYS_SEARCH_USER_PATHS = NO;
				CLANG_ANALYZER_NONNULL = YES;
				CLANG_ANALYZER_NUMBER_OBJECT_CONVERSION = YES_AGGRESSIVE;
				CLANG_CXX_LANGUAGE_STANDARD = "gnu++14";
				CLANG_ENABLE_OBJC_ARC = YES;
				CLANG_ENABLE_OBJC_WEAK = YES;
				CLANG_WARN_BLOCK_CAPTURE_AUTORELEASING = YES;
				CLANG_WARN_BOOL_CONVERSION = YES;
				CLANG_WARN_COMMA = YES;
				CLANG_WARN_CONSTANT_CONVERSION = YES;
				CLANG_WARN_DEPRECATED_OBJC_IMPLEMENTATIONS = YES;
				CLANG_WARN_DIRECT_OBJC_ISA_USAGE = YES_ERROR;
				CLANG_WARN_DOCUMENTATION_COMMENTS = YES;
				CLANG_WARN_EMPTY_BODY = YES;
				CLANG_WARN_ENUM_CONVERSION = YES;
				CLANG_WARN_INFINITE_RECURSION = YES;
				CLANG_WARN_INT_CONVERSION = YES;
				CLANG_WARN_NON_LITERAL_NULL_CONVERSION = YES;
				CLANG_WARN_OBJC_IMPLICIT_RETAIN_SELF = YES;
				CLANG_WARN_OBJC_LITERAL_CONVERSION = YES;
				CLANG_WARN_OBJC_ROOT_CLASS = YES_ERROR;
				CLANG_WARN_RANGE_LOOP_ANALYSIS = YES;
				CLANG_WARN_STRICT_PROTOTYPES = YES;
				CLANG_WARN_SUSPICIOUS_MOVE = YES;
				CLANG_WARN_UNGUARDED_AVAILABILITY = YES_AGGRESSIVE;
				CLANG_WARN_UNREACHABLE_CODE = YES;
				CLANG_WARN__DUPLICATE_METHOD_MATCH = YES;
				CODE_SIGN_STYLE = Automatic;
				COPY_PHASE_STRIP = NO;
				CURRENT_PROJECT_VERSION = 1;
				DEVELOPMENT_TEAM = 7AMWG3RLHN;
				ENABLE_STRICT_OBJC_MSGSEND = YES;
				ENABLE_TESTABILITY = YES;
				GCC_C_LANGUAGE_STANDARD = gnu11;
				GCC_DYNAMIC_NO_PIC = NO;
				GCC_NO_COMMON_BLOCKS = YES;
				GCC_PREPROCESSOR_DEFINITIONS = (
					"DEBUG=1",
					"$(inherited)",
				);
				GCC_WARN_64_TO_32_BIT_CONVERSION = YES;
				GCC_WARN_ABOUT_RETURN_TYPE = YES_ERROR;
				GCC_WARN_UNDECLARED_SELECTOR = YES;
				GCC_WARN_UNINITIALIZED_AUTOS = YES_AGGRESSIVE;
				GCC_WARN_UNUSED_FUNCTION = YES;
				GCC_WARN_UNUSED_VARIABLE = YES;
				MARKETING_VERSION = 1.0;
				MTL_ENABLE_DEBUG_INFO = INCLUDE_SOURCE;
				MTL_FAST_MATH = YES;
				ONLY_ACTIVE_ARCH = YES;
				PRODUCT_BUNDLE_IDENTIFIER = awoca.app;
				SDKROOT = iphoneos;
				SWIFT_ACTIVE_COMPILATION_CONDITIONS = DEBUG;
			};
			name = Debug;
		};
		CEE063FF244592A80037D9AA /* Release */ = {
			isa = XCBuildConfiguration;
			buildSettings = {
				ALWAYS_SEARCH_USER_PATHS = NO;
				CLANG_ANALYZER_NONNULL = YES;
				CLANG_ANALYZER_NUMBER_OBJECT_CONVERSION = YES_AGGRESSIVE;
				CLANG_CXX_LANGUAGE_STANDARD = "gnu++14";
				CLANG_ENABLE_OBJC_ARC = YES;
				CLANG_ENABLE_OBJC_WEAK = YES;
				CLANG_WARN_BLOCK_CAPTURE_AUTORELEASING = YES;
				CLANG_WARN_BOOL_CONVERSION = YES;
				CLANG_WARN_COMMA = YES;
				CLANG_WARN_CONSTANT_CONVERSION = YES;
				CLANG_WARN_DEPRECATED_OBJC_IMPLEMENTATIONS = YES;
				CLANG_WARN_DIRECT_OBJC_ISA_USAGE = YES_ERROR;
				CLANG_WARN_DOCUMENTATION_COMMENTS = YES;
				CLANG_WARN_EMPTY_BODY = YES;
				CLANG_WARN_ENUM_CONVERSION = YES;
				CLANG_WARN_INFINITE_RECURSION = YES;
				CLANG_WARN_INT_CONVERSION = YES;
				CLANG_WARN_NON_LITERAL_NULL_CONVERSION = YES;
				CLANG_WARN_OBJC_IMPLICIT_RETAIN_SELF = YES;
				CLANG_WARN_OBJC_LITERAL_CONVERSION = YES;
				CLANG_WARN_OBJC_ROOT_CLASS = YES_ERROR;
				CLANG_WARN_RANGE_LOOP_ANALYSIS = YES;
				CLANG_WARN_STRICT_PROTOTYPES = YES;
				CLANG_WARN_SUSPICIOUS_MOVE = YES;
				CLANG_WARN_UNGUARDED_AVAILABILITY = YES_AGGRESSIVE;
				CLANG_WARN_UNREACHABLE_CODE = YES;
				CLANG_WARN__DUPLICATE_METHOD_MATCH = YES;
				CODE_SIGN_STYLE = Automatic;
				COPY_PHASE_STRIP = NO;
				CURRENT_PROJECT_VERSION = 1;
				DEVELOPMENT_TEAM = 7AMWG3RLHN;
				ENABLE_NS_ASSERTIONS = NO;
				ENABLE_STRICT_OBJC_MSGSEND = YES;
				GCC_C_LANGUAGE_STANDARD = gnu11;
				GCC_NO_COMMON_BLOCKS = YES;
				GCC_WARN_64_TO_32_BIT_CONVERSION = YES;
				GCC_WARN_ABOUT_RETURN_TYPE = YES_ERROR;
				GCC_WARN_UNDECLARED_SELECTOR = YES;
				GCC_WARN_UNINITIALIZED_AUTOS = YES_AGGRESSIVE;
				GCC_WARN_UNUSED_FUNCTION = YES;
				GCC_WARN_UNUSED_VARIABLE = YES;
				MARKETING_VERSION = 1.0;
				MTL_ENABLE_DEBUG_INFO = NO;
				MTL_FAST_MATH = YES;
				PRODUCT_BUNDLE_IDENTIFIER = awoca.app;
				SDKROOT = iphoneos;
				VALIDATE_PRODUCT = YES;
			};
			name = Release;
		};
/* End XCBuildConfiguration section */

/* Begin XCConfigurationList section */
		CEE063A0244590C20037D9AA /* Build configuration list for PBXProject "app" */ = {
			isa = XCConfigurationList;
			buildConfigurations = (
				CEE063A1244590C20037D9AA /* Debug */,
				CEE063A2244590C20037D9AA /* Release */,
			);
			defaultConfigurationIsVisible = 0;
			defaultConfigurationName = Release;
		};
		CEE063B5244591BB0037D9AA /* Build configuration list for PBXNativeTarget "mac" */ = {
			isa = XCConfigurationList;
			buildConfigurations = (
				CEE063B6244591BB0037D9AA /* Debug */,
				CEE063B7244591BB0037D9AA /* Release */,
			);
			defaultConfigurationIsVisible = 0;
			defaultConfigurationName = Release;
		};
		CEE063CD2445927B0037D9AA /* Build configuration list for PBXNativeTarget "ios" */ = {
			isa = XCConfigurationList;
			buildConfigurations = (
				CEE063CE2445927B0037D9AA /* Debug */,
				CEE063CF2445927B0037D9AA /* Release */,
			);
			defaultConfigurationIsVisible = 0;
			defaultConfigurationName = Release;
		};
		CEE063F5244592A80037D9AA /* Build configuration list for PBXNativeTarget "watch ext" */ = {
			isa = XCConfigurationList;
			buildConfigurations = (
				CEE063F6244592A80037D9AA /* Debug */,
				CEE063F7244592A80037D9AA /* Release */,
			);
			defaultConfigurationIsVisible = 0;
			defaultConfigurationName = Release;
		};
		CEE063F9244592A80037D9AA /* Build configuration list for PBXNativeTarget "watch app" */ = {
			isa = XCConfigurationList;
			buildConfigurations = (
				CEE063FA244592A80037D9AA /* Debug */,
				CEE063FB244592A80037D9AA /* Release */,
			);
			defaultConfigurationIsVisible = 0;
			defaultConfigurationName = Release;
		};
		CEE063FD244592A80037D9AA /* Build configuration list for PBXNativeTarget "watch" */ = {
			isa = XCConfigurationList;
			buildConfigurations = (
				CEE063FE244592A80037D9AA /* Debug */,
				CEE063FF244592A80037D9AA /* Release */,
			);
			defaultConfigurationIsVisible = 0;
			defaultConfigurationName = Release;
		};
/* End XCConfigurationList section */

/* Begin XCRemoteSwiftPackageReference section */
		CEABF6B1244789FF002CF2DC /* XCRemoteSwiftPackageReference "balam" */ = {
			isa = XCRemoteSwiftPackageReference;
			repositoryURL = "https://github.com/catverse/balam";
			requirement = {
				branch = master;
				kind = branch;
			};
		};
		CEFBD3DB244B2E7D004ADE16 /* XCRemoteSwiftPackageReference "git" */ = {
			isa = XCRemoteSwiftPackageReference;
			repositoryURL = "https://github.com/awoca/git.git";
			requirement = {
				branch = master;
				kind = branch;
			};
		};
/* End XCRemoteSwiftPackageReference section */

/* Begin XCSwiftPackageProductDependency section */
		CEABF6B2244789FF002CF2DC /* Balam */ = {
			isa = XCSwiftPackageProductDependency;
			package = CEABF6B1244789FF002CF2DC /* XCRemoteSwiftPackageReference "balam" */;
			productName = Balam;
		};
		CEFBD3DC244B2E7D004ADE16 /* Git */ = {
			isa = XCSwiftPackageProductDependency;
			package = CEFBD3DB244B2E7D004ADE16 /* XCRemoteSwiftPackageReference "git" */;
			productName = Git;
		};
/* End XCSwiftPackageProductDependency section */
	};
	rootObject = CEE0639D244590C20037D9AA /* Project object */;
}
